
Microsoft Visual Studio Solution File, Format Version 12.00
# Visual Studio Version 16
VisualStudioVersion = 16.0.28705.295
MinimumVisualStudioVersion = 10.0.40219.1
Project("{9A19103F-16F7-4668-BE54-9A1E7A4F7556}") = "AngularIndividual", "AngularIndividual.csproj", "{4E271324-67AD-4FC1-B894-7B63EAE175AF}"
EndProject
Global
	GlobalSection(SolutionConfigurationPlatforms) = preSolution
		Debug|Any CPU = Debug|Any CPU
		Release|Any CPU = Release|Any CPU
	EndGlobalSection
	GlobalSection(ProjectConfigurationPlatforms) = postSolution
		{4E271324-67AD-4FC1-B894-7B63EAE175AF}.Debug|Any CPU.ActiveCfg = Debug|Any CPU
		{4E271324-67AD-4FC1-B894-7B63EAE175AF}.Debug|Any CPU.Build.0 = Debug|Any CPU
		{4E271324-67AD-4FC1-B894-7B63EAE175AF}.Release|Any CPU.ActiveCfg = Release|Any CPU
		{4E271324-67AD-4FC1-B894-7B63EAE175AF}.Release|Any CPU.Build.0 = Release|Any CPU
	EndGlobalSection
	GlobalSection(SolutionProperties) = preSolution
		HideSolutionNode = FALSE
	EndGlobalSection
	GlobalSection(ExtensibilityGlobals) = postSolution
		SolutionGuid = {FFFC7A7A-FB9B-4520-A97B-81D3B725F8C9}
	EndGlobalSection
EndGlobal
